
Microsoft Visual Studio Solution File, Format Version 12.00
# Visual Studio Version 16
VisualStudioVersion = 16.0.29411.108
MinimumVisualStudioVersion = 10.0.40219.1
Project("{9A19103F-16F7-4668-BE54-9A1E7A4F7556}") = "julealgon.ODataBindingIssues", "julealgon.ODataBindingIssues\julealgon.ODataBindingIssues.csproj", "{D18E77E1-D0B7-454F-B33B-B1191154E135}"
EndProject
Global
	GlobalSection(SolutionConfigurationPlatforms) = preSolution
		Debug|Any CPU = Debug|Any CPU
		Release|Any CPU = Release|Any CPU
	EndGlobalSection
	GlobalSection(ProjectConfigurationPlatforms) = postSolution
		{D18E77E1-D0B7-454F-B33B-B1191154E135}.Debug|Any CPU.ActiveCfg = Debug|Any CPU
		{D18E77E1-D0B7-454F-B33B-B1191154E135}.Debug|Any CPU.Build.0 = Debug|Any CPU
		{D18E77E1-D0B7-454F-B33B-B1191154E135}.Release|Any CPU.ActiveCfg = Release|Any CPU
		{D18E77E1-D0B7-454F-B33B-B1191154E135}.Release|Any CPU.Build.0 = Release|Any CPU
	EndGlobalSection
	GlobalSection(SolutionProperties) = preSolution
		HideSolutionNode = FALSE
	EndGlobalSection
	GlobalSection(ExtensibilityGlobals) = postSolution
		SolutionGuid = {D8A0DC73-6F8F-4250-B8FF-1C5C398023B4}
	EndGlobalSection
EndGlobal
